// !$*UTF8*$!
{
	archiveVersion = 1;
	classes = {
	};
	objectVersion = 56;
	objects = {

/* Begin PBXBuildFile section */
		BD6955352C78A50300C48E81 /* SSToast.swift in Sources */ = {isa = PBXBuildFile; fileRef = BD6955342C78A50300C48E81 /* SSToast.swift */; };
		BD6955372C78A51F00C48E81 /* SSToastView.swift in Sources */ = {isa = PBXBuildFile; fileRef = BD6955362C78A51F00C48E81 /* SSToastView.swift */; };
		BD6955392C78A57C00C48E81 /* SSToastManager.swift in Sources */ = {isa = PBXBuildFile; fileRef = BD6955382C78A57C00C48E81 /* SSToastManager.swift */; };
		BD6B4FD82C7851B400E6095D /* AppDelegate.swift in Sources */ = {isa = PBXBuildFile; fileRef = BD6B4FD72C7851B400E6095D /* AppDelegate.swift */; };
		BD6B4FDA2C7851B400E6095D /* SceneDelegate.swift in Sources */ = {isa = PBXBuildFile; fileRef = BD6B4FD92C7851B400E6095D /* SceneDelegate.swift */; };
		BD6B4FDC2C7851B400E6095D /* ViewController.swift in Sources */ = {isa = PBXBuildFile; fileRef = BD6B4FDB2C7851B400E6095D /* ViewController.swift */; };
		BD6B4FDF2C7851B400E6095D /* Main.storyboard in Resources */ = {isa = PBXBuildFile; fileRef = BD6B4FDD2C7851B400E6095D /* Main.storyboard */; };
		BD6B4FE12C7851B600E6095D /* Assets.xcassets in Resources */ = {isa = PBXBuildFile; fileRef = BD6B4FE02C7851B600E6095D /* Assets.xcassets */; };
		BD6B4FE42C7851B600E6095D /* LaunchScreen.storyboard in Resources */ = {isa = PBXBuildFile; fileRef = BD6B4FE22C7851B600E6095D /* LaunchScreen.storyboard */; };
/* End PBXBuildFile section */

/* Begin PBXFileReference section */
		BD6955342C78A50300C48E81 /* SSToast.swift */ = {isa = PBXFileReference; lastKnownFileType = sourcecode.swift; path = SSToast.swift; sourceTree = "<group>"; };
		BD6955362C78A51F00C48E81 /* SSToastView.swift */ = {isa = PBXFileReference; lastKnownFileType = sourcecode.swift; path = SSToastView.swift; sourceTree = "<group>"; };
		BD6955382C78A57C00C48E81 /* SSToastManager.swift */ = {isa = PBXFileReference; lastKnownFileType = sourcecode.swift; path = SSToastManager.swift; sourceTree = "<group>"; };
		BD6B4FD42C7851B400E6095D /* SSToast.app */ = {isa = PBXFileReference; explicitFileType = wrapper.application; includeInIndex = 0; path = SSToast.app; sourceTree = BUILT_PRODUCTS_DIR; };
		BD6B4FD72C7851B400E6095D /* AppDelegate.swift */ = {isa = PBXFileReference; lastKnownFileType = sourcecode.swift; path = AppDelegate.swift; sourceTree = "<group>"; };
		BD6B4FD92C7851B400E6095D /* SceneDelegate.swift */ = {isa = PBXFileReference; lastKnownFileType = sourcecode.swift; path = SceneDelegate.swift; sourceTree = "<group>"; };
		BD6B4FDB2C7851B400E6095D /* ViewController.swift */ = {isa = PBXFileReference; lastKnownFileType = sourcecode.swift; path = ViewController.swift; sourceTree = "<group>"; };
		BD6B4FDE2C7851B400E6095D /* Base */ = {isa = PBXFileReference; lastKnownFileType = file.storyboard; name = Base; path = Base.lproj/Main.storyboard; sourceTree = "<group>"; };
		BD6B4FE02C7851B600E6095D /* Assets.xcassets */ = {isa = PBXFileReference; lastKnownFileType = folder.assetcatalog; path = Assets.xcassets; sourceTree = "<group>"; };
		BD6B4FE32C7851B600E6095D /* Base */ = {isa = PBXFileReference; lastKnownFileType = file.storyboard; name = Base; path = Base.lproj/LaunchScreen.storyboard; sourceTree = "<group>"; };
		BD6B4FE52C7851B600E6095D /* Info.plist */ = {isa = PBXFileReference; lastKnownFileType = text.plist.xml; path = Info.plist; sourceTree = "<group>"; };
/* End PBXFileReference section */

/* Begin PBXFrameworksBuildPhase section */
		BD6B4FD12C7851B400E6095D /* Frameworks */ = {
			isa = PBXFrameworksBuildPhase;
			buildActionMask = 2147483647;
			files = (
			);
			runOnlyForDeploymentPostprocessing = 0;
		};
/* End PBXFrameworksBuildPhase section */

/* Begin PBXGroup section */
		BD6955332C78A4FD00C48E81 /* SSToast */ = {
			isa = PBXGroup;
			children = (
				BD6955342C78A50300C48E81 /* SSToast.swift */,
				BD6955362C78A51F00C48E81 /* SSToastView.swift */,
				BD6955382C78A57C00C48E81 /* SSToastManager.swift */,
			);
			path = SSToast;
			sourceTree = "<group>";
		};
		BD6B4FCB2C7851B400E6095D = {
			isa = PBXGroup;
			children = (
				BD6B4FD62C7851B400E6095D /* SSToast */,
				BD6B4FD52C7851B400E6095D /* Products */,
			);
			sourceTree = "<group>";
		};
		BD6B4FD52C7851B400E6095D /* Products */ = {
			isa = PBXGroup;
			children = (
				BD6B4FD42C7851B400E6095D /* SSToast.app */,
			);
			name = Products;
			sourceTree = "<group>";
		};
		BD6B4FD62C7851B400E6095D /* SSToast */ = {
			isa = PBXGroup;
			children = (
				BD6B4FD72C7851B400E6095D /* AppDelegate.swift */,
				BD6B4FD92C7851B400E6095D /* SceneDelegate.swift */,
				BD6B4FDB2C7851B400E6095D /* ViewController.swift */,
				BD6955332C78A4FD00C48E81 /* SSToast */,
				BD6B4FDD2C7851B400E6095D /* Main.storyboard */,
				BD6B4FE02C7851B600E6095D /* Assets.xcassets */,
				BD6B4FE22C7851B600E6095D /* LaunchScreen.storyboard */,
				BD6B4FE52C7851B600E6095D /* Info.plist */,
			);
			path = SSToast;
			sourceTree = "<group>";
		};
/* End PBXGroup section */

/* Begin PBXNativeTarget section */
		BD6B4FD32C7851B400E6095D /* SSToast */ = {
			isa = PBXNativeTarget;
			buildConfigurationList = BD6B4FE82C7851B600E6095D /* Build configuration list for PBXNativeTarget "SSToast" */;
			buildPhases = (
				BD6B4FD02C7851B400E6095D /* Sources */,
				BD6B4FD12C7851B400E6095D /* Frameworks */,
				BD6B4FD22C7851B400E6095D /* Resources */,
			);
			buildRules = (
			);
			dependencies = (
			);
			name = SSToast;
			productName = Demo;
			productReference = BD6B4FD42C7851B400E6095D /* SSToast.app */;
			productType = "com.apple.product-type.application";
		};
/* End PBXNativeTarget section */

/* Begin PBXProject section */
		BD6B4FCC2C7851B400E6095D /* Project object */ = {
			isa = PBXProject;
			attributes = {
				BuildIndependentTargetsInParallel = 1;
				LastSwiftUpdateCheck = 1520;
				LastUpgradeCheck = 1520;
				TargetAttributes = {
					BD6B4FD32C7851B400E6095D = {
						CreatedOnToolsVersion = 15.2;
					};
				};
			};
			buildConfigurationList = BD6B4FCF2C7851B400E6095D /* Build configuration list for PBXProject "SSToast" */;
			compatibilityVersion = "Xcode 14.0";
			developmentRegion = en;
			hasScannedForEncodings = 0;
			knownRegions = (
				en,
				Base,
			);
			mainGroup = BD6B4FCB2C7851B400E6095D;
			productRefGroup = BD6B4FD52C7851B400E6095D /* Products */;
			projectDirPath = "";
			projectRoot = "";
			targets = (
				BD6B4FD32C7851B400E6095D /* SSToast */,
			);
		};
/* End PBXProject section */

/* Begin PBXResourcesBuildPhase section */
		BD6B4FD22C7851B400E6095D /* Resources */ = {
			isa = PBXResourcesBuildPhase;
			buildActionMask = 2147483647;
			files = (
				BD6B4FE42C7851B600E6095D /* LaunchScreen.storyboard in Resources */,
				BD6B4FE12C7851B600E6095D /* Assets.xcassets in Resources */,
				BD6B4FDF2C7851B400E6095D /* Main.storyboard in Resources */,
			);
			runOnlyForDeploymentPostprocessing = 0;
		};
/* End PBXResourcesBuildPhase section */

/* Begin PBXSourcesBuildPhase section */
		BD6B4FD02C7851B400E6095D /* Sources */ = {
			isa = PBXSourcesBuildPhase;
			buildActionMask = 2147483647;
			files = (
				BD6B4FDC2C7851B400E6095D /* ViewController.swift in Sources */,
				BD6955352C78A50300C48E81 /* SSToast.swift in Sources */,
				BD6B4FD82C7851B400E6095D /* AppDelegate.swift in Sources */,
				BD6955392C78A57C00C48E81 /* SSToastManager.swift in Sources */,
				BD6B4FDA2C7851B400E6095D /* SceneDelegate.swift in Sources */,
				BD6955372C78A51F00C48E81 /* SSToastView.swift in Sources */,
			);
			runOnlyForDeploymentPostprocessing = 0;
		};
/* End PBXSourcesBuildPhase section */

/* Begin PBXVariantGroup section */
		BD6B4FDD2C7851B400E6095D /* Main.storyboard */ = {
			isa = PBXVariantGroup;
			children = (
				BD6B4FDE2C7851B400E6095D /* Base */,
			);
			name = Main.storyboard;
			sourceTree = "<group>";
		};
		BD6B4FE22C7851B600E6095D /* LaunchScreen.storyboard */ = {
			isa = PBXVariantGroup;
			children = (
				BD6B4FE32C7851B600E6095D /* Base */,
			);
			name = LaunchScreen.storyboard;
			sourceTree = "<group>";
		};
/* End PBXVariantGroup section */

/* Begin XCBuildConfiguration section */
		BD6B4FE62C7851B600E6095D /* Debug */ = {
			isa = XCBuildConfiguration;
			buildSettings = {
				ALWAYS_SEARCH_USER_PATHS = NO;
				ASSETCATALOG_COMPILER_GENERATE_SWIFT_ASSET_SYMBOL_EXTENSIONS = YES;
				CLANG_ANALYZER_NONNULL = YES;
				CLANG_ANALYZER_NUMBER_OBJECT_CONVERSION = YES_AGGRESSIVE;
				CLANG_CXX_LANGUAGE_STANDARD = "gnu++20";
				CLANG_ENABLE_MODULES = YES;
				CLANG_ENABLE_OBJC_ARC = YES;
				CLANG_ENABLE_OBJC_WEAK = YES;
				CLANG_WARN_BLOCK_CAPTURE_AUTORELEASING = YES;
				CLANG_WARN_BOOL_CONVERSION = YES;
				CLANG_WARN_COMMA = YES;
				CLANG_WARN_CONSTANT_CONVERSION = YES;
				CLANG_WARN_DEPRECATED_OBJC_IMPLEMENTATIONS = YES;
				CLANG_WARN_DIRECT_OBJC_ISA_USAGE = YES_ERROR;
				CLANG_WARN_DOCUMENTATION_COMMENTS = YES;
				CLANG_WARN_EMPTY_BODY = YES;
				CLANG_WARN_ENUM_CONVERSION = YES;
				CLANG_WARN_INFINITE_RECURSION = YES;
				CLANG_WARN_INT_CONVERSION = YES;
				CLANG_WARN_NON_LITERAL_NULL_CONVERSION = YES;
				CLANG_WARN_OBJC_IMPLICIT_RETAIN_SELF = YES;
				CLANG_WARN_OBJC_LITERAL_CONVERSION = YES;
				CLANG_WARN_OBJC_ROOT_CLASS = YES_ERROR;
				CLANG_WARN_QUOTED_INCLUDE_IN_FRAMEWORK_HEADER = YES;
				CLANG_WARN_RANGE_LOOP_ANALYSIS = YES;
				CLANG_WARN_STRICT_PROTOTYPES = YES;
				CLANG_WARN_SUSPICIOUS_MOVE = YES;
				CLANG_WARN_UNGUARDED_AVAILABILITY = YES_AGGRESSIVE;
				CLANG_WARN_UNREACHABLE_CODE = YES;
				CLANG_WARN__DUPLICATE_METHOD_MATCH = YES;
				COPY_PHASE_STRIP = NO;
				DEBUG_INFORMATION_FORMAT = dwarf;
				ENABLE_STRICT_OBJC_MSGSEND = YES;
				ENABLE_TESTABILITY = YES;
				ENABLE_USER_SCRIPT_SANDBOXING = YES;
				GCC_C_LANGUAGE_STANDARD = gnu17;
				GCC_DYNAMIC_NO_PIC = NO;
				GCC_NO_COMMON_BLOCKS = YES;
				GCC_OPTIMIZATION_LEVEL = 0;
				GCC_PREPROCESSOR_DEFINITIONS = (
					"DEBUG=1",
					"$(inherited)",
				);
				GCC_WARN_64_TO_32_BIT_CONVERSION = YES;
				GCC_WARN_ABOUT_RETURN_TYPE = YES_ERROR;
				GCC_WARN_UNDECLARED_SELECTOR = YES;
				GCC_WARN_UNINITIALIZED_AUTOS = YES_AGGRESSIVE;
				GCC_WARN_UNUSED_FUNCTION = YES;
				GCC_WARN_UNUSED_VARIABLE = YES;
				IPHONEOS_DEPLOYMENT_TARGET = 17.2;
				LOCALIZATION_PREFERS_STRING_CATALOGS = YES;
				MTL_ENABLE_DEBUG_INFO = INCLUDE_SOURCE;
				MTL_FAST_MATH = YES;
				ONLY_ACTIVE_ARCH = YES;
				SDKROOT = iphoneos;
				SWIFT_ACTIVE_COMPILATION_CONDITIONS = "DEBUG $(inherited)";
				SWIFT_OPTIMIZATION_LEVEL = "-Onone";
			};
			name = Debug;
		};
		BD6B4FE72C7851B600E6095D /* Release */ = {
			isa = XCBuildConfiguration;
			buildSettings = {
				ALWAYS_SEARCH_USER_PATHS = NO;
				ASSETCATALOG_COMPILER_GENERATE_SWIFT_ASSET_SYMBOL_EXTENSIONS = YES;
				CLANG_ANALYZER_NONNULL = YES;
				CLANG_ANALYZER_NUMBER_OBJECT_CONVERSION = YES_AGGRESSIVE;
				CLANG_CXX_LANGUAGE_STANDARD = "gnu++20";
				CLANG_ENABLE_MODULES = YES;
				CLANG_ENABLE_OBJC_ARC = YES;
				CLANG_ENABLE_OBJC_WEAK = YES;
				CLANG_WARN_BLOCK_CAPTURE_AUTORELEASING = YES;
				CLANG_WARN_BOOL_CONVERSION = YES;
				CLANG_WARN_COMMA = YES;
				CLANG_WARN_CONSTANT_CONVERSION = YES;
				CLANG_WARN_DEPRECATED_OBJC_IMPLEMENTATIONS = YES;
				CLANG_WARN_DIRECT_OBJC_ISA_USAGE = YES_ERROR;
				CLANG_WARN_DOCUMENTATION_COMMENTS = YES;
				CLANG_WARN_EMPTY_BODY = YES;
				CLANG_WARN_ENUM_CONVERSION = YES;
				CLANG_WARN_INFINITE_RECURSION = YES;
				CLANG_WARN_INT_CONVERSION = YES;
				CLANG_WARN_NON_LITERAL_NULL_CONVERSION = YES;
				CLANG_WARN_OBJC_IMPLICIT_RETAIN_SELF = YES;
				CLANG_WARN_OBJC_LITERAL_CONVERSION = YES;
				CLANG_WARN_OBJC_ROOT_CLASS = YES_ERROR;
				CLANG_WARN_QUOTED_INCLUDE_IN_FRAMEWORK_HEADER = YES;
				CLANG_WARN_RANGE_LOOP_ANALYSIS = YES;
				CLANG_WARN_STRICT_PROTOTYPES = YES;
				CLANG_WARN_SUSPICIOUS_MOVE = YES;
				CLANG_WARN_UNGUARDED_AVAILABILITY = YES_AGGRESSIVE;
				CLANG_WARN_UNREACHABLE_CODE = YES;
				CLANG_WARN__DUPLICATE_METHOD_MATCH = YES;
				COPY_PHASE_STRIP = NO;
				DEBUG_INFORMATION_FORMAT = "dwarf-with-dsym";
				ENABLE_NS_ASSERTIONS = NO;
				ENABLE_STRICT_OBJC_MSGSEND = YES;
				ENABLE_USER_SCRIPT_SANDBOXING = YES;
				GCC_C_LANGUAGE_STANDARD = gnu17;
				GCC_NO_COMMON_BLOCKS = YES;
				GCC_WARN_64_TO_32_BIT_CONVERSION = YES;
				GCC_WARN_ABOUT_RETURN_TYPE = YES_ERROR;
				GCC_WARN_UNDECLARED_SELECTOR = YES;
				GCC_WARN_UNINITIALIZED_AUTOS = YES_AGGRESSIVE;
				GCC_WARN_UNUSED_FUNCTION = YES;
				GCC_WARN_UNUSED_VARIABLE = YES;
				IPHONEOS_DEPLOYMENT_TARGET = 17.2;
				LOCALIZATION_PREFERS_STRING_CATALOGS = YES;
				MTL_ENABLE_DEBUG_INFO = NO;
				MTL_FAST_MATH = YES;
				SDKROOT = iphoneos;
				SWIFT_COMPILATION_MODE = wholemodule;
				VALIDATE_PRODUCT = YES;
			};
			name = Release;
		};
		BD6B4FE92C7851B600E6095D /* Debug */ = {
			isa = XCBuildConfiguration;
			buildSettings = {
				ASSETCATALOG_COMPILER_APPICON_NAME = AppIcon;
				ASSETCATALOG_COMPILER_GLOBAL_ACCENT_COLOR_NAME = AccentColor;
				CODE_SIGN_STYLE = Manual;
				CURRENT_PROJECT_VERSION = 1;
				DEVELOPMENT_TEAM = "";
				GENERATE_INFOPLIST_FILE = YES;
				INFOPLIST_FILE = SSToast/Info.plist;
				INFOPLIST_KEY_UIApplicationSupportsIndirectInputEvents = YES;
				INFOPLIST_KEY_UILaunchStoryboardName = LaunchScreen;
				INFOPLIST_KEY_UIMainStoryboardFile = Main;
				INFOPLIST_KEY_UISupportedInterfaceOrientations_iPad = "UIInterfaceOrientationPortrait UIInterfaceOrientationPortraitUpsideDown UIInterfaceOrientationLandscapeLeft UIInterfaceOrientationLandscapeRight";
				INFOPLIST_KEY_UISupportedInterfaceOrientations_iPhone = "UIInterfaceOrientationPortrait UIInterfaceOrientationLandscapeLeft UIInterfaceOrientationLandscapeRight";
				LD_RUNPATH_SEARCH_PATHS = (
					"$(inherited)",
					"@executable_path/Frameworks",
				);
				MARKETING_VERSION = 1.0;
				PRODUCT_BUNDLE_IDENTIFIER = com.sejal.sstoast;
				PRODUCT_NAME = "$(TARGET_NAME)";
				PROVISIONING_PROFILE_SPECIFIER = "";
				SWIFT_EMIT_LOC_STRINGS = YES;
				SWIFT_VERSION = 5.0;
				TARGETED_DEVICE_FAMILY = "1,2";
			};
			name = Debug;
		};
		BD6B4FEA2C7851B600E6095D /* Release */ = {
			isa = XCBuildConfiguration;
			buildSettings = {
				ASSETCATALOG_COMPILER_APPICON_NAME = AppIcon;
				ASSETCATALOG_COMPILER_GLOBAL_ACCENT_COLOR_NAME = AccentColor;
				CODE_SIGN_STYLE = Manual;
				CURRENT_PROJECT_VERSION = 1;
				DEVELOPMENT_TEAM = "";
				GENERATE_INFOPLIST_FILE = YES;
				INFOPLIST_FILE = SSToast/Info.plist;
				INFOPLIST_KEY_UIApplicationSupportsIndirectInputEvents = YES;
				INFOPLIST_KEY_UILaunchStoryboardName = LaunchScreen;
				INFOPLIST_KEY_UIMainStoryboardFile = Main;
				INFOPLIST_KEY_UISupportedInterfaceOrientations_iPad = "UIInterfaceOrientationPortrait UIInterfaceOrientationPortraitUpsideDown UIInterfaceOrientationLandscapeLeft UIInterfaceOrientationLandscapeRight";
				INFOPLIST_KEY_UISupportedInterfaceOrientations_iPhone = "UIInterfaceOrientationPortrait UIInterfaceOrientationLandscapeLeft UIInterfaceOrientationLandscapeRight";
				LD_RUNPATH_SEARCH_PATHS = (
					"$(inherited)",
					"@executable_path/Frameworks",
				);
				MARKETING_VERSION = 1.0;
				PRODUCT_BUNDLE_IDENTIFIER = com.sejal.sstoast;
				PRODUCT_NAME = "$(TARGET_NAME)";
				PROVISIONING_PROFILE_SPECIFIER = "";
				SWIFT_EMIT_LOC_STRINGS = YES;
				SWIFT_VERSION = 5.0;
				TARGETED_DEVICE_FAMILY = "1,2";
			};
			name = Release;
		};
/* End XCBuildConfiguration section */

/* Begin XCConfigurationList section */
		BD6B4FCF2C7851B400E6095D /* Build configuration list for PBXProject "SSToast" */ = {
			isa = XCConfigurationList;
			buildConfigurations = (
				BD6B4FE62C7851B600E6095D /* Debug */,
				BD6B4FE72C7851B600E6095D /* Release */,
			);
			defaultConfigurationIsVisible = 0;
			defaultConfigurationName = Release;
		};
		BD6B4FE82C7851B600E6095D /* Build configuration list for PBXNativeTarget "SSToast" */ = {
			isa = XCConfigurationList;
			buildConfigurations = (
				BD6B4FE92C7851B600E6095D /* Debug */,
				BD6B4FEA2C7851B600E6095D /* Release */,
			);
			defaultConfigurationIsVisible = 0;
			defaultConfigurationName = Release;
		};
/* End XCConfigurationList section */
	};
	rootObject = BD6B4FCC2C7851B400E6095D /* Project object */;
}
